
Microsoft Visual Studio Solution File, Format Version 12.00
# Visual Studio Version 16
VisualStudioVersion = 16.0.30717.126
MinimumVisualStudioVersion = 10.0.40219.1
Project("{9A19103F-16F7-4668-BE54-9A1E7A4F7556}") = "AspnetCoreDocker", "AspnetCoreDocker.csproj", "{3A4F79C5-6768-4470-899C-0AD730095828}"
EndProject
Global
	GlobalSection(SolutionConfigurationPlatforms) = preSolution
		Debug|Any CPU = Debug|Any CPU
		Release|Any CPU = Release|Any CPU
	EndGlobalSection
	GlobalSection(ProjectConfigurationPlatforms) = postSolution
		{3A4F79C5-6768-4470-899C-0AD730095828}.Debug|Any CPU.ActiveCfg = Debug|Any CPU
		{3A4F79C5-6768-4470-899C-0AD730095828}.Debug|Any CPU.Build.0 = Debug|Any CPU
		{3A4F79C5-6768-4470-899C-0AD730095828}.Release|Any CPU.ActiveCfg = Release|Any CPU
		{3A4F79C5-6768-4470-899C-0AD730095828}.Release|Any CPU.Build.0 = Release|Any CPU
	EndGlobalSection
	GlobalSection(SolutionProperties) = preSolution
		HideSolutionNode = FALSE
	EndGlobalSection
	GlobalSection(ExtensibilityGlobals) = postSolution
		SolutionGuid = {D70CC3AE-9874-4E5C-B3DE-D6E054AA37CA}
	EndGlobalSection
EndGlobal
